
Microsoft Visual Studio Solution File, Format Version 12.00
# Visual Studio 14
VisualStudioVersion = 14.0.25420.1
MinimumVisualStudioVersion = 10.0.40219.1
Project("{2150E333-8FDC-42A3-9474-1A3956D46DE8}") = "CommonUtility", "CommonUtility", "{75956831-21F8-4B39-BD46-D59F428D7D7A}"
EndProject
Project("{2150E333-8FDC-42A3-9474-1A3956D46DE8}") = "BusinessLogic", "BusinessLogic", "{0C2EDAB7-F26A-4AD1-A8F6-59FE25235341}"
EndProject
Project("{2150E333-8FDC-42A3-9474-1A3956D46DE8}") = "Setup", "Setup", "{E31C394F-9929-4EB4-8CD7-C7D3D9676420}"
	ProjectSection(SolutionItems) = preProject
		Setup\ServerSetting.xml = Setup\ServerSetting.xml
		Setup\ServerSetting_本番.xml = Setup\ServerSetting_本番.xml
		Setup\びるどあっぷ.ico = Setup\びるどあっぷ.ico
	EndProjectSection
EndProject
Project("{F184B08F-C81C-45F6-A57F-5ABD9991F28F}") = "Microsoft.ApplicationBlocks.Data", "Microsoft.ApplicationBlocks.Data\Microsoft.ApplicationBlocks.Data.vbproj", "{0ED3D747-FA56-4481-8A26-4A0E39BA7D03}"
EndProject
Project("{F184B08F-C81C-45F6-A57F-5ABD9991F28F}") = "Common", "businessLogic\Common\Common.vbproj", "{EDF158FC-B01D-42E1-B94D-73068B075F14}"
EndProject
Project("{F184B08F-C81C-45F6-A57F-5ABD9991F28F}") = "Utility", "Utility\Utility\Utility.vbproj", "{905BFF01-B835-418B-AB78-5604767009BA}"
EndProject
Project("{F184B08F-C81C-45F6-A57F-5ABD9991F28F}") = "WinForm", "Utility\WinForm\WinForm.vbproj", "{314835DD-A8BE-4886-B43C-59298DE7314B}"
EndProject
Project("{F184B08F-C81C-45F6-A57F-5ABD9991F28F}") = "DBUtility", "Utility\DBUtility\DBUtility.vbproj", "{22A44628-C937-4783-BF06-5F607F96EAAD}"
EndProject
Project("{F184B08F-C81C-45F6-A57F-5ABD9991F28F}") = "Model", "Model\Model.vbproj", "{3FB45F5C-4234-49E1-95D3-31D51493C5D3}"
EndProject
Project("{F184B08F-C81C-45F6-A57F-5ABD9991F28F}") = "OperationLog", "OperationLog\OperationLog.vbproj", "{D0C02E5A-BD42-4432-8E20-97FA4C1C9585}"
EndProject
Project("{F184B08F-C81C-45F6-A57F-5ABD9991F28F}") = "SEN", "businessLogic\SEN\SEN.vbproj", "{90C4A3EB-BDB7-405A-BF83-FC3DAEE6618C}"
EndProject
Project("{F184B08F-C81C-45F6-A57F-5ABD9991F28F}") = "WinFormControls", "Utility\WinFormControls\WinFormControls.vbproj", "{790BECA2-B46F-47A1-A2E5-E126C673827D}"
EndProject
Project("{54435603-DBB4-11D2-8724-00A0C9A8B90C}") = "ApplicationSetup", "Setup\ApplicationSetup\ApplicationSetup.vdproj", "{983598D0-6691-4DC4-AED4-A84C45A2BC92}"
EndProject
Project("{54435603-DBB4-11D2-8724-00A0C9A8B90C}") = "ApplicationSetup_x64", "Setup\ApplicationSetup_x64\ApplicationSetup_x64.vdproj", "{449410A0-BC5E-4CB3-8810-E7E661DE798B}"
EndProject
Project("{F184B08F-C81C-45F6-A57F-5ABD9991F28F}") = "WinFormBase", "WinFormBase\WinFormBase.vbproj", "{44366E4B-2C5E-4637-B980-28A898185CB4}"
EndProject
Project("{F184B08F-C81C-45F6-A57F-5ABD9991F28F}") = "WinForm", "WinForm\WinForm.vbproj", "{41A3D92C-CE9C-4CC8-95CA-5577E54520CB}"
EndProject
Project("{2150E333-8FDC-42A3-9474-1A3956D46DE8}") = "Manual", "Manual", "{E5752C02-E329-4087-AA58-D3CECD517A2D}"
	ProjectSection(SolutionItems) = preProject
		Setup\Manual\マニュアル.pdf = Setup\Manual\マニュアル.pdf
	EndProjectSection
EndProject
Global
	GlobalSection(SolutionConfigurationPlatforms) = preSolution
		Debug|Any CPU = Debug|Any CPU
		Release|Any CPU = Release|Any CPU
		Setup|Any CPU = Setup|Any CPU
	EndGlobalSection
	GlobalSection(ProjectConfigurationPlatforms) = postSolution
		{0ED3D747-FA56-4481-8A26-4A0E39BA7D03}.Debug|Any CPU.ActiveCfg = Debug|Any CPU
		{0ED3D747-FA56-4481-8A26-4A0E39BA7D03}.Debug|Any CPU.Build.0 = Debug|Any CPU
		{0ED3D747-FA56-4481-8A26-4A0E39BA7D03}.Release|Any CPU.ActiveCfg = Release|Any CPU
		{0ED3D747-FA56-4481-8A26-4A0E39BA7D03}.Release|Any CPU.Build.0 = Release|Any CPU
		{0ED3D747-FA56-4481-8A26-4A0E39BA7D03}.Setup|Any CPU.ActiveCfg = Release|Any CPU
		{0ED3D747-FA56-4481-8A26-4A0E39BA7D03}.Setup|Any CPU.Build.0 = Release|Any CPU
		{EDF158FC-B01D-42E1-B94D-73068B075F14}.Debug|Any CPU.ActiveCfg = Debug|Any CPU
		{EDF158FC-B01D-42E1-B94D-73068B075F14}.Debug|Any CPU.Build.0 = Debug|Any CPU
		{EDF158FC-B01D-42E1-B94D-73068B075F14}.Release|Any CPU.ActiveCfg = Release|Any CPU
		{EDF158FC-B01D-42E1-B94D-73068B075F14}.Release|Any CPU.Build.0 = Release|Any CPU
		{EDF158FC-B01D-42E1-B94D-73068B075F14}.Setup|Any CPU.ActiveCfg = Release|Any CPU
		{EDF158FC-B01D-42E1-B94D-73068B075F14}.Setup|Any CPU.Build.0 = Release|Any CPU
		{905BFF01-B835-418B-AB78-5604767009BA}.Debug|Any CPU.ActiveCfg = Debug|Any CPU
		{905BFF01-B835-418B-AB78-5604767009BA}.Debug|Any CPU.Build.0 = Debug|Any CPU
		{905BFF01-B835-418B-AB78-5604767009BA}.Release|Any CPU.ActiveCfg = Release|Any CPU
		{905BFF01-B835-418B-AB78-5604767009BA}.Release|Any CPU.Build.0 = Release|Any CPU
		{905BFF01-B835-418B-AB78-5604767009BA}.Setup|Any CPU.ActiveCfg = Release|Any CPU
		{905BFF01-B835-418B-AB78-5604767009BA}.Setup|Any CPU.Build.0 = Release|Any CPU
		{314835DD-A8BE-4886-B43C-59298DE7314B}.Debug|Any CPU.ActiveCfg = Debug|Any CPU
		{314835DD-A8BE-4886-B43C-59298DE7314B}.Debug|Any CPU.Build.0 = Debug|Any CPU
		{314835DD-A8BE-4886-B43C-59298DE7314B}.Release|Any CPU.ActiveCfg = Release|Any CPU
		{314835DD-A8BE-4886-B43C-59298DE7314B}.Release|Any CPU.Build.0 = Release|Any CPU
		{314835DD-A8BE-4886-B43C-59298DE7314B}.Setup|Any CPU.ActiveCfg = Release|Any CPU
		{314835DD-A8BE-4886-B43C-59298DE7314B}.Setup|Any CPU.Build.0 = Release|Any CPU
		{22A44628-C937-4783-BF06-5F607F96EAAD}.Debug|Any CPU.ActiveCfg = Debug|Any CPU
		{22A44628-C937-4783-BF06-5F607F96EAAD}.Debug|Any CPU.Build.0 = Debug|Any CPU
		{22A44628-C937-4783-BF06-5F607F96EAAD}.Release|Any CPU.ActiveCfg = Release|Any CPU
		{22A44628-C937-4783-BF06-5F607F96EAAD}.Release|Any CPU.Build.0 = Release|Any CPU
		{22A44628-C937-4783-BF06-5F607F96EAAD}.Setup|Any CPU.ActiveCfg = Release|Any CPU
		{22A44628-C937-4783-BF06-5F607F96EAAD}.Setup|Any CPU.Build.0 = Release|Any CPU
		{3FB45F5C-4234-49E1-95D3-31D51493C5D3}.Debug|Any CPU.ActiveCfg = Debug|Any CPU
		{3FB45F5C-4234-49E1-95D3-31D51493C5D3}.Debug|Any CPU.Build.0 = Debug|Any CPU
		{3FB45F5C-4234-49E1-95D3-31D51493C5D3}.Release|Any CPU.ActiveCfg = Release|Any CPU
		{3FB45F5C-4234-49E1-95D3-31D51493C5D3}.Release|Any CPU.Build.0 = Release|Any CPU
		{3FB45F5C-4234-49E1-95D3-31D51493C5D3}.Setup|Any CPU.ActiveCfg = Release|Any CPU
		{3FB45F5C-4234-49E1-95D3-31D51493C5D3}.Setup|Any CPU.Build.0 = Release|Any CPU
		{D0C02E5A-BD42-4432-8E20-97FA4C1C9585}.Debug|Any CPU.ActiveCfg = Debug|Any CPU
		{D0C02E5A-BD42-4432-8E20-97FA4C1C9585}.Debug|Any CPU.Build.0 = Debug|Any CPU
		{D0C02E5A-BD42-4432-8E20-97FA4C1C9585}.Release|Any CPU.ActiveCfg = Release|Any CPU
		{D0C02E5A-BD42-4432-8E20-97FA4C1C9585}.Release|Any CPU.Build.0 = Release|Any CPU
		{D0C02E5A-BD42-4432-8E20-97FA4C1C9585}.Setup|Any CPU.ActiveCfg = Release|Any CPU
		{D0C02E5A-BD42-4432-8E20-97FA4C1C9585}.Setup|Any CPU.Build.0 = Release|Any CPU
		{90C4A3EB-BDB7-405A-BF83-FC3DAEE6618C}.Debug|Any CPU.ActiveCfg = Debug|Any CPU
		{90C4A3EB-BDB7-405A-BF83-FC3DAEE6618C}.Debug|Any CPU.Build.0 = Debug|Any CPU
		{90C4A3EB-BDB7-405A-BF83-FC3DAEE6618C}.Release|Any CPU.ActiveCfg = Release|Any CPU
		{90C4A3EB-BDB7-405A-BF83-FC3DAEE6618C}.Release|Any CPU.Build.0 = Release|Any CPU
		{90C4A3EB-BDB7-405A-BF83-FC3DAEE6618C}.Setup|Any CPU.ActiveCfg = Release|Any CPU
		{90C4A3EB-BDB7-405A-BF83-FC3DAEE6618C}.Setup|Any CPU.Build.0 = Release|Any CPU
		{790BECA2-B46F-47A1-A2E5-E126C673827D}.Debug|Any CPU.ActiveCfg = Debug|Any CPU
		{790BECA2-B46F-47A1-A2E5-E126C673827D}.Debug|Any CPU.Build.0 = Debug|Any CPU
		{790BECA2-B46F-47A1-A2E5-E126C673827D}.Release|Any CPU.ActiveCfg = Release|Any CPU
		{790BECA2-B46F-47A1-A2E5-E126C673827D}.Release|Any CPU.Build.0 = Release|Any CPU
		{790BECA2-B46F-47A1-A2E5-E126C673827D}.Setup|Any CPU.ActiveCfg = Release|Any CPU
		{790BECA2-B46F-47A1-A2E5-E126C673827D}.Setup|Any CPU.Build.0 = Release|Any CPU
		{983598D0-6691-4DC4-AED4-A84C45A2BC92}.Debug|Any CPU.ActiveCfg = Debug
		{983598D0-6691-4DC4-AED4-A84C45A2BC92}.Release|Any CPU.ActiveCfg = Release
		{983598D0-6691-4DC4-AED4-A84C45A2BC92}.Setup|Any CPU.ActiveCfg = Release
		{449410A0-BC5E-4CB3-8810-E7E661DE798B}.Debug|Any CPU.ActiveCfg = Debug
		{449410A0-BC5E-4CB3-8810-E7E661DE798B}.Release|Any CPU.ActiveCfg = Release
		{449410A0-BC5E-4CB3-8810-E7E661DE798B}.Setup|Any CPU.ActiveCfg = Release
		{44366E4B-2C5E-4637-B980-28A898185CB4}.Debug|Any CPU.ActiveCfg = Debug|Any CPU
		{44366E4B-2C5E-4637-B980-28A898185CB4}.Debug|Any CPU.Build.0 = Debug|Any CPU
		{44366E4B-2C5E-4637-B980-28A898185CB4}.Release|Any CPU.ActiveCfg = Release|Any CPU
		{44366E4B-2C5E-4637-B980-28A898185CB4}.Release|Any CPU.Build.0 = Release|Any CPU
		{44366E4B-2C5E-4637-B980-28A898185CB4}.Setup|Any CPU.ActiveCfg = Release|Any CPU
		{44366E4B-2C5E-4637-B980-28A898185CB4}.Setup|Any CPU.Build.0 = Release|Any CPU
		{41A3D92C-CE9C-4CC8-95CA-5577E54520CB}.Debug|Any CPU.ActiveCfg = Debug|Any CPU
		{41A3D92C-CE9C-4CC8-95CA-5577E54520CB}.Debug|Any CPU.Build.0 = Debug|Any CPU
		{41A3D92C-CE9C-4CC8-95CA-5577E54520CB}.Release|Any CPU.ActiveCfg = Release|Any CPU
		{41A3D92C-CE9C-4CC8-95CA-5577E54520CB}.Release|Any CPU.Build.0 = Release|Any CPU
		{41A3D92C-CE9C-4CC8-95CA-5577E54520CB}.Setup|Any CPU.ActiveCfg = Release|Any CPU
		{41A3D92C-CE9C-4CC8-95CA-5577E54520CB}.Setup|Any CPU.Build.0 = Release|Any CPU
	EndGlobalSection
	GlobalSection(SolutionProperties) = preSolution
		HideSolutionNode = FALSE
	EndGlobalSection
	GlobalSection(NestedProjects) = preSolution
		{EDF158FC-B01D-42E1-B94D-73068B075F14} = {0C2EDAB7-F26A-4AD1-A8F6-59FE25235341}
		{905BFF01-B835-418B-AB78-5604767009BA} = {75956831-21F8-4B39-BD46-D59F428D7D7A}
		{314835DD-A8BE-4886-B43C-59298DE7314B} = {75956831-21F8-4B39-BD46-D59F428D7D7A}
		{22A44628-C937-4783-BF06-5F607F96EAAD} = {75956831-21F8-4B39-BD46-D59F428D7D7A}
		{90C4A3EB-BDB7-405A-BF83-FC3DAEE6618C} = {0C2EDAB7-F26A-4AD1-A8F6-59FE25235341}
		{983598D0-6691-4DC4-AED4-A84C45A2BC92} = {E31C394F-9929-4EB4-8CD7-C7D3D9676420}
		{449410A0-BC5E-4CB3-8810-E7E661DE798B} = {E31C394F-9929-4EB4-8CD7-C7D3D9676420}
		{E5752C02-E329-4087-AA58-D3CECD517A2D} = {E31C394F-9929-4EB4-8CD7-C7D3D9676420}
	EndGlobalSection
EndGlobal
